
Microsoft Visual Studio Solution File, Format Version 11.00
# Visual Studio 2010
Project("{FAE04EC0-301F-11D3-BF4B-00C04F79EFBC}") = "360 Degree Pano", "Assembly-CSharp.csproj", "{AC8513CA-5168-351B-599F-8FF614D89C61}"
EndProject
Project("{FAE04EC0-301F-11D3-BF4B-00C04F79EFBC}") = "360 Degree Pano", "Assembly-CSharp-Editor.csproj", "{BED91C43-EEF8-F23B-6BDE-09F1A019E20E}"
EndProject
Global
	GlobalSection(SolutionConfigurationPlatforms) = preSolution
		Debug|Any CPU = Debug|Any CPU
		Release|Any CPU = Release|Any CPU
	EndGlobalSection
	GlobalSection(ProjectConfigurationPlatforms) = postSolution
		{AC8513CA-5168-351B-599F-8FF614D89C61}.Debug|Any CPU.ActiveCfg = Debug|Any CPU
		{AC8513CA-5168-351B-599F-8FF614D89C61}.Debug|Any CPU.Build.0 = Debug|Any CPU
		{AC8513CA-5168-351B-599F-8FF614D89C61}.Release|Any CPU.ActiveCfg = Release|Any CPU
		{AC8513CA-5168-351B-599F-8FF614D89C61}.Release|Any CPU.Build.0 = Release|Any CPU
		{BED91C43-EEF8-F23B-6BDE-09F1A019E20E}.Debug|Any CPU.ActiveCfg = Debug|Any CPU
		{BED91C43-EEF8-F23B-6BDE-09F1A019E20E}.Debug|Any CPU.Build.0 = Debug|Any CPU
		{BED91C43-EEF8-F23B-6BDE-09F1A019E20E}.Release|Any CPU.ActiveCfg = Release|Any CPU
		{BED91C43-EEF8-F23B-6BDE-09F1A019E20E}.Release|Any CPU.Build.0 = Release|Any CPU
	EndGlobalSection
	GlobalSection(SolutionProperties) = preSolution
		HideSolutionNode = FALSE
	EndGlobalSection
	GlobalSection(MonoDevelopProperties) = preSolution
		StartupItem = Assembly-CSharp.csproj
	EndGlobalSection
EndGlobal
